
Microsoft Visual Studio Solution File, Format Version 12.00
# Visual Studio Version 16
VisualStudioVersion = 16.0.29020.237
MinimumVisualStudioVersion = 10.0.40219.1
Project("{9A19103F-16F7-4668-BE54-9A1E7A4F7556}") = "MasstransitErrorHandling", "MasstransitErrorHandling\MasstransitErrorHandling.csproj", "{56ED437D-1214-4152-84F9-CB6269484080}"
EndProject
Project("{FAE04EC0-301F-11D3-BF4B-00C04F79EFBC}") = "MassTransitErrorConsole", "MassTransitErrorConsole\MassTransitErrorConsole.csproj", "{70F86BCB-961B-4EFF-BB0A-C74D164DE5B8}"
EndProject
Global
	GlobalSection(SolutionConfigurationPlatforms) = preSolution
		Debug|Any CPU = Debug|Any CPU
		Release|Any CPU = Release|Any CPU
	EndGlobalSection
	GlobalSection(ProjectConfigurationPlatforms) = postSolution
		{56ED437D-1214-4152-84F9-CB6269484080}.Debug|Any CPU.ActiveCfg = Debug|Any CPU
		{56ED437D-1214-4152-84F9-CB6269484080}.Debug|Any CPU.Build.0 = Debug|Any CPU
		{56ED437D-1214-4152-84F9-CB6269484080}.Release|Any CPU.ActiveCfg = Release|Any CPU
		{56ED437D-1214-4152-84F9-CB6269484080}.Release|Any CPU.Build.0 = Release|Any CPU
		{70F86BCB-961B-4EFF-BB0A-C74D164DE5B8}.Debug|Any CPU.ActiveCfg = Debug|Any CPU
		{70F86BCB-961B-4EFF-BB0A-C74D164DE5B8}.Debug|Any CPU.Build.0 = Debug|Any CPU
		{70F86BCB-961B-4EFF-BB0A-C74D164DE5B8}.Release|Any CPU.ActiveCfg = Release|Any CPU
		{70F86BCB-961B-4EFF-BB0A-C74D164DE5B8}.Release|Any CPU.Build.0 = Release|Any CPU
	EndGlobalSection
	GlobalSection(SolutionProperties) = preSolution
		HideSolutionNode = FALSE
	EndGlobalSection
	GlobalSection(ExtensibilityGlobals) = postSolution
		SolutionGuid = {899F3E14-EA15-44AA-8706-D4ED7AFA91C5}
	EndGlobalSection
EndGlobal
